
Microsoft Visual Studio Solution File, Format Version 12.00
# Visual Studio 2017
Project("{FAE04EC0-301F-11D3-BF4B-00C04F79EFBC}") = "Tyche-Client", "Tyche-Client.csproj", "{1AA83A2B-CDA2-7494-FA7A-85423ED57C41}"
EndProject
Global
	GlobalSection(SolutionConfigurationPlatforms) = preSolution
		Debug|Any CPU = Debug|Any CPU
		Release|Any CPU = Release|Any CPU
	EndGlobalSection
	GlobalSection(ProjectConfigurationPlatforms) = postSolution
		{1AA83A2B-CDA2-7494-FA7A-85423ED57C41}.Debug|Any CPU.ActiveCfg = Debug|Any CPU
		{1AA83A2B-CDA2-7494-FA7A-85423ED57C41}.Debug|Any CPU.Build.0 = Debug|Any CPU
		{1AA83A2B-CDA2-7494-FA7A-85423ED57C41}.Release|Any CPU.ActiveCfg = Release|Any CPU
		{1AA83A2B-CDA2-7494-FA7A-85423ED57C41}.Release|Any CPU.Build.0 = Release|Any CPU
	EndGlobalSection
	GlobalSection(SolutionProperties) = preSolution
		HideSolutionNode = FALSE
	EndGlobalSection
EndGlobal
